
Microsoft Visual Studio Solution File, Format Version 12.00
# Visual Studio Version 17
VisualStudioVersion = 17.14.36221.1 d17.14
MinimumVisualStudioVersion = 10.0.40219.1
Project("{FAE04EC0-301F-11D3-BF4B-00C04F79EFBC}") = "OOP04", "OOP04\OOP04.csproj", "{660014B0-C1F7-4254-99A8-2ADDE9CAFBBD}"
EndProject
Global
	GlobalSection(SolutionConfigurationPlatforms) = preSolution
		Debug|Any CPU = Debug|Any CPU
		Release|Any CPU = Release|Any CPU
	EndGlobalSection
	GlobalSection(ProjectConfigurationPlatforms) = postSolution
		{660014B0-C1F7-4254-99A8-2ADDE9CAFBBD}.Debug|Any CPU.ActiveCfg = Debug|Any CPU
		{660014B0-C1F7-4254-99A8-2ADDE9CAFBBD}.Debug|Any CPU.Build.0 = Debug|Any CPU
		{660014B0-C1F7-4254-99A8-2ADDE9CAFBBD}.Release|Any CPU.ActiveCfg = Release|Any CPU
		{660014B0-C1F7-4254-99A8-2ADDE9CAFBBD}.Release|Any CPU.Build.0 = Release|Any CPU
	EndGlobalSection
	GlobalSection(SolutionProperties) = preSolution
		HideSolutionNode = FALSE
	EndGlobalSection
	GlobalSection(ExtensibilityGlobals) = postSolution
		SolutionGuid = {247242F9-FCAF-4DDE-9F18-299C3BD80D44}
	EndGlobalSection
EndGlobal
